Microsoft Visual Studio Solution File, Format Version 12.00
# Visual Studio Version 17
VisualStudioVersion = 17.5.2.0
MinimumVisualStudioVersion = 10.0.40219.1
Project("{FAE04EC0-301F-11D3-BF4B-00C04F79EFBC}") = "ConexionMySQL", "ConexionMySQL\ConexionMySQL.csproj", "{6070CB1F-E26F-AB14-43BA-DFB154E9E700}"
EndProject
Project("{FAE04EC0-301F-11D3-BF4B-00C04F79EFBC}") = "MiWeb", "MiWeb\MiWeb.csproj", "{EF02DF35-9196-8716-69B9-9E5023234437}"
EndProject
Global
	GlobalSection(SolutionConfigurationPlatforms) = preSolution
		Debug|Any CPU = Debug|Any CPU
		Release|Any CPU = Release|Any CPU
	EndGlobalSection
	GlobalSection(ProjectConfigurationPlatforms) = postSolution
		{6070CB1F-E26F-AB14-43BA-DFB154E9E700}.Debug|Any CPU.ActiveCfg = Debug|Any CPU
		{6070CB1F-E26F-AB14-43BA-DFB154E9E700}.Debug|Any CPU.Build.0 = Debug|Any CPU
		{6070CB1F-E26F-AB14-43BA-DFB154E9E700}.Release|Any CPU.ActiveCfg = Release|Any CPU
		{6070CB1F-E26F-AB14-43BA-DFB154E9E700}.Release|Any CPU.Build.0 = Release|Any CPU
		{EF02DF35-9196-8716-69B9-9E5023234437}.Debug|Any CPU.ActiveCfg = Debug|Any CPU
		{EF02DF35-9196-8716-69B9-9E5023234437}.Debug|Any CPU.Build.0 = Debug|Any CPU
		{EF02DF35-9196-8716-69B9-9E5023234437}.Release|Any CPU.ActiveCfg = Release|Any CPU
		{EF02DF35-9196-8716-69B9-9E5023234437}.Release|Any CPU.Build.0 = Release|Any CPU
	EndGlobalSection
	GlobalSection(SolutionProperties) = preSolution
		HideSolutionNode = FALSE
	EndGlobalSection
	GlobalSection(ExtensibilityGlobals) = postSolution
		SolutionGuid = {3546CE0A-61F0-49B1-8F41-555DEBD8C8AE}
	EndGlobalSection
EndGlobal
